// !$*UTF8*$!
{
	archiveVersion = 1;
	classes = {
	};
	objectVersion = 55;
	objects = {

/* Begin PBXBuildFile section */
		465C36FA9253C093D139C1EF /* Pods_OnlineBanChan.framework in Frameworks */ = {isa = PBXBuildFile; fileRef = 0103AEC8358290200A944D75 /* Pods_OnlineBanChan.framework */; };
		B031A4742837B227003FC5EE /* MainSection.swift in Sources */ = {isa = PBXBuildFile; fileRef = B031A4722837B227003FC5EE /* MainSection.swift */; };
		B031A4752837B227003FC5EE /* SectionCardItem.swift in Sources */ = {isa = PBXBuildFile; fileRef = B031A4732837B227003FC5EE /* SectionCardItem.swift */; };
		B031A47A2837B231003FC5EE /* DefaultNetworkService.swift in Sources */ = {isa = PBXBuildFile; fileRef = B031A4772837B231003FC5EE /* DefaultNetworkService.swift */; };
		B031A47B2837B231003FC5EE /* DefaultNetworkRequester.swift in Sources */ = {isa = PBXBuildFile; fileRef = B031A4782837B231003FC5EE /* DefaultNetworkRequester.swift */; };
		B031A47C2837B231003FC5EE /* EndPoint.swift in Sources */ = {isa = PBXBuildFile; fileRef = B031A4792837B231003FC5EE /* EndPoint.swift */; };
		B031A47E2837BD0B003FC5EE /* MainSectionsDTO.swift in Sources */ = {isa = PBXBuildFile; fileRef = B031A47D2837BD0B003FC5EE /* MainSectionsDTO.swift */; };
		B0A04F10283E68FE001F52AA /* APIEndPoint.swift in Sources */ = {isa = PBXBuildFile; fileRef = B0A04F0F283E68FE001F52AA /* APIEndPoint.swift */; };
		B0A04F14283E782D001F52AA /* BanChanRepository.swift in Sources */ = {isa = PBXBuildFile; fileRef = B0A04F13283E782D001F52AA /* BanChanRepository.swift */; };
		B0A04F16283E78E0001F52AA /* DefaultBanChanRepository.swift in Sources */ = {isa = PBXBuildFile; fileRef = B0A04F15283E78E0001F52AA /* DefaultBanChanRepository.swift */; };
		B0A04F18283E8070001F52AA /* RepositoryTests.swift in Sources */ = {isa = PBXBuildFile; fileRef = B0A04F17283E8070001F52AA /* RepositoryTests.swift */; };
		B0A04F1B283E86E7001F52AA /* AppDIContainer.swift in Sources */ = {isa = PBXBuildFile; fileRef = B0A04F1A283E86E7001F52AA /* AppDIContainer.swift */; };
		B0A04F1D283E87AC001F52AA /* SceneDIContainer.swift in Sources */ = {isa = PBXBuildFile; fileRef = B0A04F1C283E87AC001F52AA /* SceneDIContainer.swift */; };
		B0A04F1F283E9CDD001F52AA /* FoodImagesRepository.swift in Sources */ = {isa = PBXBuildFile; fileRef = B0A04F1E283E9CDD001F52AA /* FoodImagesRepository.swift */; };
		B0A04F21283E9D12001F52AA /* DefaultFoodImagesRepository.swift in Sources */ = {isa = PBXBuildFile; fileRef = B0A04F20283E9D12001F52AA /* DefaultFoodImagesRepository.swift */; };
		B0A04F23283E9EAE001F52AA /* Repository.swift in Sources */ = {isa = PBXBuildFile; fileRef = B0A04F22283E9EAE001F52AA /* Repository.swift */; };
		B0A04F25283F65BE001F52AA /* AppFlowCoordinator.swift in Sources */ = {isa = PBXBuildFile; fileRef = B0A04F24283F65BE001F52AA /* AppFlowCoordinator.swift */; };
		B0A04F28283F692D001F52AA /* MainFoodViewFlowCoordinator.swift in Sources */ = {isa = PBXBuildFile; fileRef = B0A04F27283F692D001F52AA /* MainFoodViewFlowCoordinator.swift */; };
		B0A04F2B283F6ACB001F52AA /* MainFoodViewModel.swift in Sources */ = {isa = PBXBuildFile; fileRef = B0A04F2A283F6ACB001F52AA /* MainFoodViewModel.swift */; };
		B0A04F2E283F6DCD001F52AA /* StoryboardInitiating.swift in Sources */ = {isa = PBXBuildFile; fileRef = B0A04F2D283F6DCD001F52AA /* StoryboardInitiating.swift */; };
		B0A04F31283F7051001F52AA /* MainFoodUseCase.swift in Sources */ = {isa = PBXBuildFile; fileRef = B0A04F30283F7051001F52AA /* MainFoodUseCase.swift */; };
		B0A04F36283F9EF7001F52AA /* FoodListItemCell.swift in Sources */ = {isa = PBXBuildFile; fileRef = B0A04F34283F9EF7001F52AA /* FoodListItemCell.swift */; };
		B0A04F37283F9EF7001F52AA /* FoodListItemCell.xib in Resources */ = {isa = PBXBuildFile; fileRef = B0A04F35283F9EF7001F52AA /* FoodListItemCell.xib */; };
		B0A04F39283FA4DD001F52AA /* NSObject+Extension.swift in Sources */ = {isa = PBXBuildFile; fileRef = B0A04F38283FA4DD001F52AA /* NSObject+Extension.swift */; };
		B0A513C8283635C500A05BB7 /* AppDelegate.swift in Sources */ = {isa = PBXBuildFile; fileRef = B0A513C7283635C500A05BB7 /* AppDelegate.swift */; };
		B0A513CA283635C500A05BB7 /* SceneDelegate.swift in Sources */ = {isa = PBXBuildFile; fileRef = B0A513C9283635C500A05BB7 /* SceneDelegate.swift */; };
		B0A513CC283635C500A05BB7 /* MainFoodViewController.swift in Sources */ = {isa = PBXBuildFile; fileRef = B0A513CB283635C500A05BB7 /* MainFoodViewController.swift */; };
		B0A513CF283635C500A05BB7 /* MainFoodViewController.storyboard in Resources */ = {isa = PBXBuildFile; fileRef = B0A513CD283635C500A05BB7 /* MainFoodViewController.storyboard */; };
		B0A513D1283635C900A05BB7 /* Assets.xcassets in Resources */ = {isa = PBXBuildFile; fileRef = B0A513D0283635C900A05BB7 /* Assets.xcassets */; };
		B0A513D4283635C900A05BB7 /* LaunchScreen.storyboard in Resources */ = {isa = PBXBuildFile; fileRef = B0A513D2283635C900A05BB7 /* LaunchScreen.storyboard */; };
		B0B0596528421A72001F5981 /* FoodListHeader.swift in Sources */ = {isa = PBXBuildFile; fileRef = B0B0596428421A72001F5981 /* FoodListHeader.swift */; };
		B0B0596928422751001F5981 /* FoodListHeader.xib in Resources */ = {isa = PBXBuildFile; fileRef = B0B0596828422751001F5981 /* FoodListHeader.xib */; };
		B0B10E26284269F100970155 /* DetailFoodViewModel.swift in Sources */ = {isa = PBXBuildFile; fileRef = B0B10E25284269F100970155 /* DetailFoodViewModel.swift */; };
		B0B10E2828426A8B00970155 /* DetailFoodUseCase.swift in Sources */ = {isa = PBXBuildFile; fileRef = B0B10E2728426A8B00970155 /* DetailFoodUseCase.swift */; };
		B0B10E2A28426D1C00970155 /* FoodDetail.swift in Sources */ = {isa = PBXBuildFile; fileRef = B0B10E2928426D1C00970155 /* FoodDetail.swift */; };
		B0B39BBD284388D7008EA9A0 /* DetailPreparation.swift in Sources */ = {isa = PBXBuildFile; fileRef = B0B39BBC284388D7008EA9A0 /* DetailPreparation.swift */; };
		B0B6305D285C796300BCDBA8 /* UIKit+Extension.swift in Sources */ = {isa = PBXBuildFile; fileRef = B0B6305C285C796300BCDBA8 /* UIKit+Extension.swift */; };
		B0B9AD4B28423D0000EA1D6A /* DetailFoodViewController.swift in Sources */ = {isa = PBXBuildFile; fileRef = B0B9AD4A28423D0000EA1D6A /* DetailFoodViewController.swift */; };
		B0B9AD4D28423D5100EA1D6A /* DetailFoodViewController.storyboard in Resources */ = {isa = PBXBuildFile; fileRef = B0B9AD4C28423D5100EA1D6A /* DetailFoodViewController.storyboard */; };
		B0CC7F022838DF08009F68F6 /* NetworkTests.swift in Sources */ = {isa = PBXBuildFile; fileRef = B0CC7F012838DF08009F68F6 /* NetworkTests.swift */; };
		B0CC7F052838EE36009F68F6 /* MockNetworkRequester.swift in Sources */ = {isa = PBXBuildFile; fileRef = B0CC7F042838EE36009F68F6 /* MockNetworkRequester.swift */; };
		B0CC7F072838F8AA009F68F6 /* MockDataCreater.swift in Sources */ = {isa = PBXBuildFile; fileRef = B0CC7F062838F8AA009F68F6 /* MockDataCreater.swift */; };
		D6A612D49107AB38FF167DDC /* Pods_OnlineBanChanTests.framework in Frameworks */ = {isa = PBXBuildFile; fileRef = 399032F995E601EC8B76B1CF /* Pods_OnlineBanChanTests.framework */; };
/* End PBXBuildFile section */

/* Begin PBXContainerItemProxy section */
		B0A513DB283635C900A05BB7 /* PBXContainerItemProxy */ = {
			isa = PBXContainerItemProxy;
			containerPortal = B0A513BC283635C500A05BB7 /* Project object */;
			proxyType = 1;
			remoteGlobalIDString = B0A513C3283635C500A05BB7;
			remoteInfo = OnlineBanChan;
		};
/* End PBXContainerItemProxy section */

/* Begin PBXFileReference section */
		0103AEC8358290200A944D75 /* Pods_OnlineBanChan.framework */ = {isa = PBXFileReference; explicitFileType = wrapper.framework; includeInIndex = 0; path = Pods_OnlineBanChan.framework; sourceTree = BUILT_PRODUCTS_DIR; };
		3776518205C22A94AABA66D4 /* Pods-OnlineBanChan.release.xcconfig */ = {isa = PBXFileReference; includeInIndex = 1; lastKnownFileType = text.xcconfig; name = "Pods-OnlineBanChan.release.xcconfig"; path = "Target Support Files/Pods-OnlineBanChan/Pods-OnlineBanChan.release.xcconfig"; sourceTree = "<group>"; };
		399032F995E601EC8B76B1CF /* Pods_OnlineBanChanTests.framework */ = {isa = PBXFileReference; explicitFileType = wrapper.framework; includeInIndex = 0; path = Pods_OnlineBanChanTests.framework; sourceTree = BUILT_PRODUCTS_DIR; };
		3D03836B94CB4668E5F1EAF4 /* Pods-OnlineBanChan.debug.xcconfig */ = {isa = PBXFileReference; includeInIndex = 1; lastKnownFileType = text.xcconfig; name = "Pods-OnlineBanChan.debug.xcconfig"; path = "Target Support Files/Pods-OnlineBanChan/Pods-OnlineBanChan.debug.xcconfig"; sourceTree = "<group>"; };
		6E784938607981777040F64B /* Pods-OnlineBanChanTests.debug.xcconfig */ = {isa = PBXFileReference; includeInIndex = 1; lastKnownFileType = text.xcconfig; name = "Pods-OnlineBanChanTests.debug.xcconfig"; path = "Target Support Files/Pods-OnlineBanChanTests/Pods-OnlineBanChanTests.debug.xcconfig"; sourceTree = "<group>"; };
		B031A4722837B227003FC5EE /* MainSection.swift */ = {isa = PBXFileReference; fileEncoding = 4; lastKnownFileType = sourcecode.swift; path = MainSection.swift; sourceTree = "<group>"; };
		B031A4732837B227003FC5EE /* SectionCardItem.swift */ = {isa = PBXFileReference; fileEncoding = 4; lastKnownFileType = sourcecode.swift; path = SectionCardItem.swift; sourceTree = "<group>"; };
		B031A4772837B231003FC5EE /* DefaultNetworkService.swift */ = {isa = PBXFileReference; fileEncoding = 4; lastKnownFileType = sourcecode.swift; path = DefaultNetworkService.swift; sourceTree = "<group>"; };
		B031A4782837B231003FC5EE /* DefaultNetworkRequester.swift */ = {isa = PBXFileReference; fileEncoding = 4; lastKnownFileType = sourcecode.swift; path = DefaultNetworkRequester.swift; sourceTree = "<group>"; };
		B031A4792837B231003FC5EE /* EndPoint.swift */ = {isa = PBXFileReference; fileEncoding = 4; lastKnownFileType = sourcecode.swift; path = EndPoint.swift; sourceTree = "<group>"; };
		B031A47D2837BD0B003FC5EE /* MainSectionsDTO.swift */ = {isa = PBXFileReference; lastKnownFileType = sourcecode.swift; path = MainSectionsDTO.swift; sourceTree = "<group>"; };
		B0A04F0F283E68FE001F52AA /* APIEndPoint.swift */ = {isa = PBXFileReference; lastKnownFileType = sourcecode.swift; path = APIEndPoint.swift; sourceTree = "<group>"; };
		B0A04F13283E782D001F52AA /* BanChanRepository.swift */ = {isa = PBXFileReference; lastKnownFileType = sourcecode.swift; path = BanChanRepository.swift; sourceTree = "<group>"; };
		B0A04F15283E78E0001F52AA /* DefaultBanChanRepository.swift */ = {isa = PBXFileReference; lastKnownFileType = sourcecode.swift; path = DefaultBanChanRepository.swift; sourceTree = "<group>"; };
		B0A04F17283E8070001F52AA /* RepositoryTests.swift */ = {isa = PBXFileReference; lastKnownFileType = sourcecode.swift; path = RepositoryTests.swift; sourceTree = "<group>"; };
		B0A04F1A283E86E7001F52AA /* AppDIContainer.swift */ = {isa = PBXFileReference; lastKnownFileType = sourcecode.swift; path = AppDIContainer.swift; sourceTree = "<group>"; };
		B0A04F1C283E87AC001F52AA /* SceneDIContainer.swift */ = {isa = PBXFileReference; lastKnownFileType = sourcecode.swift; path = SceneDIContainer.swift; sourceTree = "<group>"; };
		B0A04F1E283E9CDD001F52AA /* FoodImagesRepository.swift */ = {isa = PBXFileReference; lastKnownFileType = sourcecode.swift; path = FoodImagesRepository.swift; sourceTree = "<group>"; };
		B0A04F20283E9D12001F52AA /* DefaultFoodImagesRepository.swift */ = {isa = PBXFileReference; lastKnownFileType = sourcecode.swift; path = DefaultFoodImagesRepository.swift; sourceTree = "<group>"; };
		B0A04F22283E9EAE001F52AA /* Repository.swift */ = {isa = PBXFileReference; lastKnownFileType = sourcecode.swift; path = Repository.swift; sourceTree = "<group>"; };
		B0A04F24283F65BE001F52AA /* AppFlowCoordinator.swift */ = {isa = PBXFileReference; lastKnownFileType = sourcecode.swift; path = AppFlowCoordinator.swift; sourceTree = "<group>"; };
		B0A04F27283F692D001F52AA /* MainFoodViewFlowCoordinator.swift */ = {isa = PBXFileReference; lastKnownFileType = sourcecode.swift; path = MainFoodViewFlowCoordinator.swift; sourceTree = "<group>"; };
		B0A04F2A283F6ACB001F52AA /* MainFoodViewModel.swift */ = {isa = PBXFileReference; lastKnownFileType = sourcecode.swift; path = MainFoodViewModel.swift; sourceTree = "<group>"; };
		B0A04F2D283F6DCD001F52AA /* StoryboardInitiating.swift */ = {isa = PBXFileReference; lastKnownFileType = sourcecode.swift; path = StoryboardInitiating.swift; sourceTree = "<group>"; };
		B0A04F30283F7051001F52AA /* MainFoodUseCase.swift */ = {isa = PBXFileReference; lastKnownFileType = sourcecode.swift; path = MainFoodUseCase.swift; sourceTree = "<group>"; };
		B0A04F34283F9EF7001F52AA /* FoodListItemCell.swift */ = {isa = PBXFileReference; lastKnownFileType = sourcecode.swift; path = FoodListItemCell.swift; sourceTree = "<group>"; };
		B0A04F35283F9EF7001F52AA /* FoodListItemCell.xib */ = {isa = PBXFileReference; lastKnownFileType = file.xib; path = FoodListItemCell.xib; sourceTree = "<group>"; };
		B0A04F38283FA4DD001F52AA /* NSObject+Extension.swift */ = {isa = PBXFileReference; lastKnownFileType = sourcecode.swift; path = "NSObject+Extension.swift"; sourceTree = "<group>"; };
		B0A513C4283635C500A05BB7 /* OnlineBanChan.app */ = {isa = PBXFileReference; explicitFileType = wrapper.application; includeInIndex = 0; path = OnlineBanChan.app; sourceTree = BUILT_PRODUCTS_DIR; };
		B0A513C7283635C500A05BB7 /* AppDelegate.swift */ = {isa = PBXFileReference; lastKnownFileType = sourcecode.swift; path = AppDelegate.swift; sourceTree = "<group>"; };
		B0A513C9283635C500A05BB7 /* SceneDelegate.swift */ = {isa = PBXFileReference; lastKnownFileType = sourcecode.swift; path = SceneDelegate.swift; sourceTree = "<group>"; };
		B0A513CB283635C500A05BB7 /* MainFoodViewController.swift */ = {isa = PBXFileReference; lastKnownFileType = sourcecode.swift; path = MainFoodViewController.swift; sourceTree = "<group>"; };
		B0A513CE283635C500A05BB7 /* Base */ = {isa = PBXFileReference; lastKnownFileType = file.storyboard; name = Base; path = Base.lproj/MainFoodViewController.storyboard; sourceTree = "<group>"; };
		B0A513D0283635C900A05BB7 /* Assets.xcassets */ = {isa = PBXFileReference; lastKnownFileType = folder.assetcatalog; path = Assets.xcassets; sourceTree = "<group>"; };
		B0A513D3283635C900A05BB7 /* Base */ = {isa = PBXFileReference; lastKnownFileType = file.storyboard; name = Base; path = Base.lproj/LaunchScreen.storyboard; sourceTree = "<group>"; };
		B0A513D5283635C900A05BB7 /* Info.plist */ = {isa = PBXFileReference; lastKnownFileType = text.plist.xml; path = Info.plist; sourceTree = "<group>"; };
		B0A513DA283635C900A05BB7 /* OnlineBanChanTests.xctest */ = {isa = PBXFileReference; explicitFileType = wrapper.cfbundle; includeInIndex = 0; path = OnlineBanChanTests.xctest; sourceTree = BUILT_PRODUCTS_DIR; };
		B0B0596428421A72001F5981 /* FoodListHeader.swift */ = {isa = PBXFileReference; lastKnownFileType = sourcecode.swift; path = FoodListHeader.swift; sourceTree = "<group>"; };
		B0B0596828422751001F5981 /* FoodListHeader.xib */ = {isa = PBXFileReference; lastKnownFileType = file.xib; path = FoodListHeader.xib; sourceTree = "<group>"; };
		B0B10E25284269F100970155 /* DetailFoodViewModel.swift */ = {isa = PBXFileReference; lastKnownFileType = sourcecode.swift; path = DetailFoodViewModel.swift; sourceTree = "<group>"; };
		B0B10E2728426A8B00970155 /* DetailFoodUseCase.swift */ = {isa = PBXFileReference; lastKnownFileType = sourcecode.swift; path = DetailFoodUseCase.swift; sourceTree = "<group>"; };
		B0B10E2928426D1C00970155 /* FoodDetail.swift */ = {isa = PBXFileReference; lastKnownFileType = sourcecode.swift; path = FoodDetail.swift; sourceTree = "<group>"; };
		B0B39BBC284388D7008EA9A0 /* DetailPreparation.swift */ = {isa = PBXFileReference; lastKnownFileType = sourcecode.swift; path = DetailPreparation.swift; sourceTree = "<group>"; };
		B0B6305C285C796300BCDBA8 /* UIKit+Extension.swift */ = {isa = PBXFileReference; lastKnownFileType = sourcecode.swift; path = "UIKit+Extension.swift"; sourceTree = "<group>"; };
		B0B9AD4A28423D0000EA1D6A /* DetailFoodViewController.swift */ = {isa = PBXFileReference; lastKnownFileType = sourcecode.swift; path = DetailFoodViewController.swift; sourceTree = "<group>"; };
		B0B9AD4C28423D5100EA1D6A /* DetailFoodViewController.storyboard */ = {isa = PBXFileReference; lastKnownFileType = file.storyboard; path = DetailFoodViewController.storyboard; sourceTree = "<group>"; };
		B0CC7F012838DF08009F68F6 /* NetworkTests.swift */ = {isa = PBXFileReference; lastKnownFileType = sourcecode.swift; path = NetworkTests.swift; sourceTree = "<group>"; };
		B0CC7F042838EE36009F68F6 /* MockNetworkRequester.swift */ = {isa = PBXFileReference; lastKnownFileType = sourcecode.swift; path = MockNetworkRequester.swift; sourceTree = "<group>"; };
		B0CC7F062838F8AA009F68F6 /* MockDataCreater.swift */ = {isa = PBXFileReference; lastKnownFileType = sourcecode.swift; path = MockDataCreater.swift; sourceTree = "<group>"; };
		F77B606348F9375530563440 /* Pods-OnlineBanChanTests.release.xcconfig */ = {isa = PBXFileReference; includeInIndex = 1; lastKnownFileType = text.xcconfig; name = "Pods-OnlineBanChanTests.release.xcconfig"; path = "Target Support Files/Pods-OnlineBanChanTests/Pods-OnlineBanChanTests.release.xcconfig"; sourceTree = "<group>"; };
/* End PBXFileReference section */

/* Begin PBXFrameworksBuildPhase section */
		B0A513C1283635C500A05BB7 /* Frameworks */ = {
			isa = PBXFrameworksBuildPhase;
			buildActionMask = 2147483647;
			files = (
				465C36FA9253C093D139C1EF /* Pods_OnlineBanChan.framework in Frameworks */,
			);
			runOnlyForDeploymentPostprocessing = 0;
		};
		B0A513D7283635C900A05BB7 /* Frameworks */ = {
			isa = PBXFrameworksBuildPhase;
			buildActionMask = 2147483647;
			files = (
				D6A612D49107AB38FF167DDC /* Pods_OnlineBanChanTests.framework in Frameworks */,
			);
			runOnlyForDeploymentPostprocessing = 0;
		};
/* End PBXFrameworksBuildPhase section */

/* Begin PBXGroup section */
		62015035645097A617F06C44 /* Frameworks */ = {
			isa = PBXGroup;
			children = (
				0103AEC8358290200A944D75 /* Pods_OnlineBanChan.framework */,
				399032F995E601EC8B76B1CF /* Pods_OnlineBanChanTests.framework */,
			);
			name = Frameworks;
			sourceTree = "<group>";
		};
		B031A4702837B227003FC5EE /* Domain */ = {
			isa = PBXGroup;
			children = (
				B0A04F2F283F7046001F52AA /* UseCase */,
				B0A04F11283E77F8001F52AA /* Interfaces */,
				B031A4712837B227003FC5EE /* Entity */,
			);
			path = Domain;
			sourceTree = "<group>";
		};
		B031A4712837B227003FC5EE /* Entity */ = {
			isa = PBXGroup;
			children = (
				B031A47D2837BD0B003FC5EE /* MainSectionsDTO.swift */,
				B031A4722837B227003FC5EE /* MainSection.swift */,
				B031A4732837B227003FC5EE /* SectionCardItem.swift */,
				B0B10E2928426D1C00970155 /* FoodDetail.swift */,
				B0B39BBC284388D7008EA9A0 /* DetailPreparation.swift */,
			);
			path = Entity;
			sourceTree = "<group>";
		};
		B031A4762837B231003FC5EE /* Network */ = {
			isa = PBXGroup;
			children = (
				B031A4772837B231003FC5EE /* DefaultNetworkService.swift */,
				B031A4782837B231003FC5EE /* DefaultNetworkRequester.swift */,
				B031A4792837B231003FC5EE /* EndPoint.swift */,
			);
			path = Network;
			sourceTree = "<group>";
		};
		B0842E6D6B2F38C5AC54F084 /* Pods */ = {
			isa = PBXGroup;
			children = (
				3D03836B94CB4668E5F1EAF4 /* Pods-OnlineBanChan.debug.xcconfig */,
				3776518205C22A94AABA66D4 /* Pods-OnlineBanChan.release.xcconfig */,
				6E784938607981777040F64B /* Pods-OnlineBanChanTests.debug.xcconfig */,
				F77B606348F9375530563440 /* Pods-OnlineBanChanTests.release.xcconfig */,
			);
			path = Pods;
			sourceTree = "<group>";
		};
		B0A04F0D283E6886001F52AA /* Data */ = {
			isa = PBXGroup;
			children = (
				B0A04F0E283E68E1001F52AA /* Repository */,
				B0A04F0F283E68FE001F52AA /* APIEndPoint.swift */,
			);
			path = Data;
			sourceTree = "<group>";
		};
		B0A04F0E283E68E1001F52AA /* Repository */ = {
			isa = PBXGroup;
			children = (
				B0A04F15283E78E0001F52AA /* DefaultBanChanRepository.swift */,
				B0A04F20283E9D12001F52AA /* DefaultFoodImagesRepository.swift */,
			);
			path = Repository;
			sourceTree = "<group>";
		};
		B0A04F11283E77F8001F52AA /* Interfaces */ = {
			isa = PBXGroup;
			children = (
				B0A04F12283E7811001F52AA /* Repository */,
			);
			path = Interfaces;
			sourceTree = "<group>";
		};
		B0A04F12283E7811001F52AA /* Repository */ = {
			isa = PBXGroup;
			children = (
				B0A04F13283E782D001F52AA /* BanChanRepository.swift */,
				B0A04F1E283E9CDD001F52AA /* FoodImagesRepository.swift */,
				B0A04F22283E9EAE001F52AA /* Repository.swift */,
			);
			path = Repository;
			sourceTree = "<group>";
		};
		B0A04F19283E86D4001F52AA /* DIContainer */ = {
			isa = PBXGroup;
			children = (
				B0A04F1A283E86E7001F52AA /* AppDIContainer.swift */,
				B0A04F1C283E87AC001F52AA /* SceneDIContainer.swift */,
			);
			path = DIContainer;
			sourceTree = "<group>";
		};
		B0A04F26283F6826001F52AA /* Coordinator */ = {
			isa = PBXGroup;
			children = (
				B0A04F27283F692D001F52AA /* MainFoodViewFlowCoordinator.swift */,
			);
			path = Coordinator;
			sourceTree = "<group>";
		};
		B0A04F29283F6A7F001F52AA /* ViewModel */ = {
			isa = PBXGroup;
			children = (
				B0A04F2A283F6ACB001F52AA /* MainFoodViewModel.swift */,
			);
			path = ViewModel;
			sourceTree = "<group>";
		};
		B0A04F2C283F6D56001F52AA /* Utility */ = {
			isa = PBXGroup;
			children = (
				B0A04F2D283F6DCD001F52AA /* StoryboardInitiating.swift */,
				B0A04F38283FA4DD001F52AA /* NSObject+Extension.swift */,
				B0B6305C285C796300BCDBA8 /* UIKit+Extension.swift */,
			);
			path = Utility;
			sourceTree = "<group>";
		};
		B0A04F2F283F7046001F52AA /* UseCase */ = {
			isa = PBXGroup;
			children = (
				B0A04F30283F7051001F52AA /* MainFoodUseCase.swift */,
				B0B10E2728426A8B00970155 /* DetailFoodUseCase.swift */,
			);
			path = UseCase;
			sourceTree = "<group>";
		};
		B0A04F32283F9E81001F52AA /* View */ = {
			isa = PBXGroup;
			children = (
				B0A513CB283635C500A05BB7 /* MainFoodViewController.swift */,
				B0A513CD283635C500A05BB7 /* MainFoodViewController.storyboard */,
				B0B84611284DFA7A00B0BD01 /* mainFoodTableView */,
			);
			path = View;
			sourceTree = "<group>";
		};
		B0A513BB283635C500A05BB7 = {
			isa = PBXGroup;
			children = (
				B0A513C6283635C500A05BB7 /* OnlineBanChan */,
				B0A513DD283635C900A05BB7 /* OnlineBanChanTests */,
				B0A513C5283635C500A05BB7 /* Products */,
				B0842E6D6B2F38C5AC54F084 /* Pods */,
				62015035645097A617F06C44 /* Frameworks */,
			);
			sourceTree = "<group>";
		};
		B0A513C5283635C500A05BB7 /* Products */ = {
			isa = PBXGroup;
			children = (
				B0A513C4283635C500A05BB7 /* OnlineBanChan.app */,
				B0A513DA283635C900A05BB7 /* OnlineBanChanTests.xctest */,
			);
			name = Products;
			sourceTree = "<group>";
		};
		B0A513C6283635C500A05BB7 /* OnlineBanChan */ = {
			isa = PBXGroup;
			children = (
				B0A513F728364A4900A05BB7 /* Application */,
				B0A04F0D283E6886001F52AA /* Data */,
				B031A4762837B231003FC5EE /* Network */,
				B031A4702837B227003FC5EE /* Domain */,
				B0A513F928364A9900A05BB7 /* Presentation */,
				B0A513F828364A6400A05BB7 /* Resources */,
			);
			path = OnlineBanChan;
			sourceTree = "<group>";
		};
		B0A513DD283635C900A05BB7 /* OnlineBanChanTests */ = {
			isa = PBXGroup;
			children = (
				B0CC7F032838EE27009F68F6 /* Mock */,
				B0CC7F012838DF08009F68F6 /* NetworkTests.swift */,
				B0A04F17283E8070001F52AA /* RepositoryTests.swift */,
			);
			path = OnlineBanChanTests;
			sourceTree = "<group>";
		};
		B0A513F728364A4900A05BB7 /* Application */ = {
			isa = PBXGroup;
			children = (
				B0A04F19283E86D4001F52AA /* DIContainer */,
				B0A513C7283635C500A05BB7 /* AppDelegate.swift */,
				B0A513C9283635C500A05BB7 /* SceneDelegate.swift */,
				B0A04F24283F65BE001F52AA /* AppFlowCoordinator.swift */,
			);
			path = Application;
			sourceTree = "<group>";
		};
		B0A513F828364A6400A05BB7 /* Resources */ = {
			isa = PBXGroup;
			children = (
				B0A513D5283635C900A05BB7 /* Info.plist */,
				B0A513D0283635C900A05BB7 /* Assets.xcassets */,
			);
			path = Resources;
			sourceTree = "<group>";
		};
		B0A513F928364A9900A05BB7 /* Presentation */ = {
			isa = PBXGroup;
			children = (
				B0A04F26283F6826001F52AA /* Coordinator */,
				B0A04F2C283F6D56001F52AA /* Utility */,
				B0B9AD4928423C8400EA1D6A /* DetailView */,
				B0A513FB28364BEB00A05BB7 /* MainView */,
				B0A513FA28364BD200A05BB7 /* Launch */,
			);
			path = Presentation;
			sourceTree = "<group>";
		};
		B0A513FA28364BD200A05BB7 /* Launch */ = {
			isa = PBXGroup;
			children = (
				B0A513D2283635C900A05BB7 /* LaunchScreen.storyboard */,
			);
			path = Launch;
			sourceTree = "<group>";
		};
		B0A513FB28364BEB00A05BB7 /* MainView */ = {
			isa = PBXGroup;
			children = (
				B0A04F32283F9E81001F52AA /* View */,
				B0A04F29283F6A7F001F52AA /* ViewModel */,
			);
			path = MainView;
			sourceTree = "<group>";
		};
		B0B10E24284269E200970155 /* ViewModel */ = {
			isa = PBXGroup;
			children = (
				B0B10E25284269F100970155 /* DetailFoodViewModel.swift */,
			);
			path = ViewModel;
			sourceTree = "<group>";
		};
		B0B84610284DFA5F00B0BD01 /* View */ = {
			isa = PBXGroup;
			children = (
				B0B9AD4A28423D0000EA1D6A /* DetailFoodViewController.swift */,
				B0B9AD4C28423D5100EA1D6A /* DetailFoodViewController.storyboard */,
			);
			path = View;
			sourceTree = "<group>";
		};
		B0B84611284DFA7A00B0BD01 /* mainFoodTableView */ = {
			isa = PBXGroup;
			children = (
				B0B84613284DFAA600B0BD01 /* Header */,
				B0B84612284DFAA200B0BD01 /* Cell */,
			);
			path = mainFoodTableView;
			sourceTree = "<group>";
		};
		B0B84612284DFAA200B0BD01 /* Cell */ = {
			isa = PBXGroup;
			children = (
				B0A04F34283F9EF7001F52AA /* FoodListItemCell.swift */,
				B0A04F35283F9EF7001F52AA /* FoodListItemCell.xib */,
			);
			path = Cell;
			sourceTree = "<group>";
		};
		B0B84613284DFAA600B0BD01 /* Header */ = {
			isa = PBXGroup;
			children = (
				B0B0596428421A72001F5981 /* FoodListHeader.swift */,
				B0B0596828422751001F5981 /* FoodListHeader.xib */,
			);
			path = Header;
			sourceTree = "<group>";
		};
		B0B9AD4928423C8400EA1D6A /* DetailView */ = {
			isa = PBXGroup;
			children = (
				B0B84610284DFA5F00B0BD01 /* View */,
				B0B10E24284269E200970155 /* ViewModel */,
			);
			path = DetailView;
			sourceTree = "<group>";
		};
		B0CC7F032838EE27009F68F6 /* Mock */ = {
			isa = PBXGroup;
			children = (
				B0CC7F042838EE36009F68F6 /* MockNetworkRequester.swift */,
				B0CC7F062838F8AA009F68F6 /* MockDataCreater.swift */,
			);
			path = Mock;
			sourceTree = "<group>";
		};
/* End PBXGroup section */

/* Begin PBXNativeTarget section */
		B0A513C3283635C500A05BB7 /* OnlineBanChan */ = {
			isa = PBXNativeTarget;
			buildConfigurationList = B0A513EE283635C900A05BB7 /* Build configuration list for PBXNativeTarget "OnlineBanChan" */;
			buildPhases = (
				AA1CA24105B6F09D671DE9F4 /* [CP] Check Pods Manifest.lock */,
				B0A513C0283635C500A05BB7 /* Sources */,
				B0A513C1283635C500A05BB7 /* Frameworks */,
				B0A513C2283635C500A05BB7 /* Resources */,
				5EA1D7916C9431C50F3B6036 /* [CP] Embed Pods Frameworks */,
			);
			buildRules = (
			);
			dependencies = (
			);
			name = OnlineBanChan;
			productName = OnlineBanChan;
			productReference = B0A513C4283635C500A05BB7 /* OnlineBanChan.app */;
			productType = "com.apple.product-type.application";
		};
		B0A513D9283635C900A05BB7 /* OnlineBanChanTests */ = {
			isa = PBXNativeTarget;
			buildConfigurationList = B0A513F1283635C900A05BB7 /* Build configuration list for PBXNativeTarget "OnlineBanChanTests" */;
			buildPhases = (
				0F1FCB8C996D903A147D14DE /* [CP] Check Pods Manifest.lock */,
				B0A513D6283635C900A05BB7 /* Sources */,
				B0A513D7283635C900A05BB7 /* Frameworks */,
				B0A513D8283635C900A05BB7 /* Resources */,
				AD3A117F2D6DE231C028C32A /* [CP] Embed Pods Frameworks */,
			);
			buildRules = (
			);
			dependencies = (
				B0A513DC283635C900A05BB7 /* PBXTargetDependency */,
			);
			name = OnlineBanChanTests;
			productName = OnlineBanChanTests;
			productReference = B0A513DA283635C900A05BB7 /* OnlineBanChanTests.xctest */;
			productType = "com.apple.product-type.bundle.unit-test";
		};
/* End PBXNativeTarget section */

/* Begin PBXProject section */
		B0A513BC283635C500A05BB7 /* Project object */ = {
			isa = PBXProject;
			attributes = {
				BuildIndependentTargetsInParallel = 1;
				LastSwiftUpdateCheck = 1340;
				LastUpgradeCheck = 1340;
				TargetAttributes = {
					B0A513C3283635C500A05BB7 = {
						CreatedOnToolsVersion = 13.4;
					};
					B0A513D9283635C900A05BB7 = {
						CreatedOnToolsVersion = 13.4;
						TestTargetID = B0A513C3283635C500A05BB7;
					};
				};
			};
			buildConfigurationList = B0A513BF283635C500A05BB7 /* Build configuration list for PBXProject "OnlineBanChan" */;
			compatibilityVersion = "Xcode 13.0";
			developmentRegion = en;
			hasScannedForEncodings = 0;
			knownRegions = (
				en,
				Base,
			);
			mainGroup = B0A513BB283635C500A05BB7;
			productRefGroup = B0A513C5283635C500A05BB7 /* Products */;
			projectDirPath = "";
			projectRoot = "";
			targets = (
				B0A513C3283635C500A05BB7 /* OnlineBanChan */,
				B0A513D9283635C900A05BB7 /* OnlineBanChanTests */,
			);
		};
/* End PBXProject section */

/* Begin PBXResourcesBuildPhase section */
		B0A513C2283635C500A05BB7 /* Resources */ = {
			isa = PBXResourcesBuildPhase;
			buildActionMask = 2147483647;
			files = (
				B0A04F37283F9EF7001F52AA /* FoodListItemCell.xib in Resources */,
				B0A513D4283635C900A05BB7 /* LaunchScreen.storyboard in Resources */,
				B0B9AD4D28423D5100EA1D6A /* DetailFoodViewController.storyboard in Resources */,
				B0B0596928422751001F5981 /* FoodListHeader.xib in Resources */,
				B0A513D1283635C900A05BB7 /* Assets.xcassets in Resources */,
				B0A513CF283635C500A05BB7 /* MainFoodViewController.storyboard in Resources */,
			);
			runOnlyForDeploymentPostprocessing = 0;
		};
		B0A513D8283635C900A05BB7 /* Resources */ = {
			isa = PBXResourcesBuildPhase;
			buildActionMask = 2147483647;
			files = (
			);
			runOnlyForDeploymentPostprocessing = 0;
		};
/* End PBXResourcesBuildPhase section */

/* Begin PBXShellScriptBuildPhase section */
		0F1FCB8C996D903A147D14DE /* [CP] Check Pods Manifest.lock */ = {
			isa = PBXShellScriptBuildPhase;
			buildActionMask = 2147483647;
			files = (
			);
			inputFileListPaths = (
			);
			inputPaths = (
				"${PODS_PODFILE_DIR_PATH}/Podfile.lock",
				"${PODS_ROOT}/Manifest.lock",
			);
			name = "[CP] Check Pods Manifest.lock";
			outputFileListPaths = (
			);
			outputPaths = (
				"$(DERIVED_FILE_DIR)/Pods-OnlineBanChanTests-checkManifestLockResult.txt",
			);
			runOnlyForDeploymentPostprocessing = 0;
			shellPath = /bin/sh;
			shellScript = "diff \"${PODS_PODFILE_DIR_PATH}/Podfile.lock\" \"${PODS_ROOT}/Manifest.lock\" > /dev/null\nif [ $? != 0 ] ; then\n    # print error to STDERR\n    echo \"error: The sandbox is not in sync with the Podfile.lock. Run 'pod install' or update your CocoaPods installation.\" >&2\n    exit 1\nfi\n# This output is used by Xcode 'outputs' to avoid re-running this script phase.\necho \"SUCCESS\" > \"${SCRIPT_OUTPUT_FILE_0}\"\n";
			showEnvVarsInLog = 0;
		};
		5EA1D7916C9431C50F3B6036 /* [CP] Embed Pods Frameworks */ = {
			isa = PBXShellScriptBuildPhase;
			buildActionMask = 2147483647;
			files = (
			);
			inputFileListPaths = (
				"${PODS_ROOT}/Target Support Files/Pods-OnlineBanChan/Pods-OnlineBanChan-frameworks-${CONFIGURATION}-input-files.xcfilelist",
			);
			name = "[CP] Embed Pods Frameworks";
			outputFileListPaths = (
				"${PODS_ROOT}/Target Support Files/Pods-OnlineBanChan/Pods-OnlineBanChan-frameworks-${CONFIGURATION}-output-files.xcfilelist",
			);
			runOnlyForDeploymentPostprocessing = 0;
			shellPath = /bin/sh;
			shellScript = "\"${PODS_ROOT}/Target Support Files/Pods-OnlineBanChan/Pods-OnlineBanChan-frameworks.sh\"\n";
			showEnvVarsInLog = 0;
		};
		AA1CA24105B6F09D671DE9F4 /* [CP] Check Pods Manifest.lock */ = {
			isa = PBXShellScriptBuildPhase;
			buildActionMask = 2147483647;
			files = (
			);
			inputFileListPaths = (
			);
			inputPaths = (
				"${PODS_PODFILE_DIR_PATH}/Podfile.lock",
				"${PODS_ROOT}/Manifest.lock",
			);
			name = "[CP] Check Pods Manifest.lock";
			outputFileListPaths = (
			);
			outputPaths = (
				"$(DERIVED_FILE_DIR)/Pods-OnlineBanChan-checkManifestLockResult.txt",
			);
			runOnlyForDeploymentPostprocessing = 0;
			shellPath = /bin/sh;
			shellScript = "diff \"${PODS_PODFILE_DIR_PATH}/Podfile.lock\" \"${PODS_ROOT}/Manifest.lock\" > /dev/null\nif [ $? != 0 ] ; then\n    # print error to STDERR\n    echo \"error: The sandbox is not in sync with the Podfile.lock. Run 'pod install' or update your CocoaPods installation.\" >&2\n    exit 1\nfi\n# This output is used by Xcode 'outputs' to avoid re-running this script phase.\necho \"SUCCESS\" > \"${SCRIPT_OUTPUT_FILE_0}\"\n";
			showEnvVarsInLog = 0;
		};
		AD3A117F2D6DE231C028C32A /* [CP] Embed Pods Frameworks */ = {
			isa = PBXShellScriptBuildPhase;
			buildActionMask = 2147483647;
			files = (
			);
			inputFileListPaths = (
				"${PODS_ROOT}/Target Support Files/Pods-OnlineBanChanTests/Pods-OnlineBanChanTests-frameworks-${CONFIGURATION}-input-files.xcfilelist",
			);
			name = "[CP] Embed Pods Frameworks";
			outputFileListPaths = (
				"${PODS_ROOT}/Target Support Files/Pods-OnlineBanChanTests/Pods-OnlineBanChanTests-frameworks-${CONFIGURATION}-output-files.xcfilelist",
			);
			runOnlyForDeploymentPostprocessing = 0;
			shellPath = /bin/sh;
			shellScript = "\"${PODS_ROOT}/Target Support Files/Pods-OnlineBanChanTests/Pods-OnlineBanChanTests-frameworks.sh\"\n";
			showEnvVarsInLog = 0;
		};
/* End PBXShellScriptBuildPhase section */

/* Begin PBXSourcesBuildPhase section */
		B0A513C0283635C500A05BB7 /* Sources */ = {
			isa = PBXSourcesBuildPhase;
			buildActionMask = 2147483647;
			files = (
				B0B10E26284269F100970155 /* DetailFoodViewModel.swift in Sources */,
				B0A04F1F283E9CDD001F52AA /* FoodImagesRepository.swift in Sources */,
				B031A4752837B227003FC5EE /* SectionCardItem.swift in Sources */,
				B0A04F31283F7051001F52AA /* MainFoodUseCase.swift in Sources */,
				B0A04F23283E9EAE001F52AA /* Repository.swift in Sources */,
				B0A04F2B283F6ACB001F52AA /* MainFoodViewModel.swift in Sources */,
				B0A04F10283E68FE001F52AA /* APIEndPoint.swift in Sources */,
				B0A04F21283E9D12001F52AA /* DefaultFoodImagesRepository.swift in Sources */,
				B0A513CC283635C500A05BB7 /* MainFoodViewController.swift in Sources */,
				B0B6305D285C796300BCDBA8 /* UIKit+Extension.swift in Sources */,
				B0A04F1D283E87AC001F52AA /* SceneDIContainer.swift in Sources */,
				B031A47E2837BD0B003FC5EE /* MainSectionsDTO.swift in Sources */,
				B031A47C2837B231003FC5EE /* EndPoint.swift in Sources */,
				B0A04F39283FA4DD001F52AA /* NSObject+Extension.swift in Sources */,
				B0A513C8283635C500A05BB7 /* AppDelegate.swift in Sources */,
				B0B39BBD284388D7008EA9A0 /* DetailPreparation.swift in Sources */,
				B0B10E2828426A8B00970155 /* DetailFoodUseCase.swift in Sources */,
				B0A04F25283F65BE001F52AA /* AppFlowCoordinator.swift in Sources */,
				B031A4742837B227003FC5EE /* MainSection.swift in Sources */,
				B0A04F28283F692D001F52AA /* MainFoodViewFlowCoordinator.swift in Sources */,
				B031A47A2837B231003FC5EE /* DefaultNetworkService.swift in Sources */,
				B0B9AD4B28423D0000EA1D6A /* DetailFoodViewController.swift in Sources */,
				B0B10E2A28426D1C00970155 /* FoodDetail.swift in Sources */,
				B0A04F14283E782D001F52AA /* BanChanRepository.swift in Sources */,
				B0A04F1B283E86E7001F52AA /* AppDIContainer.swift in Sources */,
				B0A04F16283E78E0001F52AA /* DefaultBanChanRepository.swift in Sources */,
				B0B0596528421A72001F5981 /* FoodListHeader.swift in Sources */,
				B0A04F36283F9EF7001F52AA /* FoodListItemCell.swift in Sources */,
				B0A513CA283635C500A05BB7 /* SceneDelegate.swift in Sources */,
				B0A04F2E283F6DCD001F52AA /* StoryboardInitiating.swift in Sources */,
				B031A47B2837B231003FC5EE /* DefaultNetworkRequester.swift in Sources */,
			);
			runOnlyForDeploymentPostprocessing = 0;
		};
		B0A513D6283635C900A05BB7 /* Sources */ = {
			isa = PBXSourcesBuildPhase;
			buildActionMask = 2147483647;
			files = (
				B0CC7F052838EE36009F68F6 /* MockNetworkRequester.swift in Sources */,
				B0CC7F022838DF08009F68F6 /* NetworkTests.swift in Sources */,
				B0CC7F072838F8AA009F68F6 /* MockDataCreater.swift in Sources */,
				B0A04F18283E8070001F52AA /* RepositoryTests.swift in Sources */,
			);
			runOnlyForDeploymentPostprocessing = 0;
		};
/* End PBXSourcesBuildPhase section */

/* Begin PBXTargetDependency section */
		B0A513DC283635C900A05BB7 /* PBXTargetDependency */ = {
			isa = PBXTargetDependency;
			target = B0A513C3283635C500A05BB7 /* OnlineBanChan */;
			targetProxy = B0A513DB283635C900A05BB7 /* PBXContainerItemProxy */;
		};
/* End PBXTargetDependency section */

/* Begin PBXVariantGroup section */
		B0A513CD283635C500A05BB7 /* MainFoodViewController.storyboard */ = {
			isa = PBXVariantGroup;
			children = (
				B0A513CE283635C500A05BB7 /* Base */,
			);
			name = MainFoodViewController.storyboard;
			sourceTree = "<group>";
		};
		B0A513D2283635C900A05BB7 /* LaunchScreen.storyboard */ = {
			isa = PBXVariantGroup;
			children = (
				B0A513D3283635C900A05BB7 /* Base */,
			);
			name = LaunchScreen.storyboard;
			sourceTree = "<group>";
		};
/* End PBXVariantGroup section */

/* Begin XCBuildConfiguration section */
		B0A513EC283635C900A05BB7 /* Debug */ = {
			isa = XCBuildConfiguration;
			buildSettings = {
				ALWAYS_SEARCH_USER_PATHS = NO;
				CLANG_ANALYZER_NONNULL = YES;
				CLANG_ANALYZER_NUMBER_OBJECT_CONVERSION = YES_AGGRESSIVE;
				CLANG_CXX_LANGUAGE_STANDARD = "gnu++17";
				CLANG_ENABLE_MODULES = YES;
				CLANG_ENABLE_OBJC_ARC = YES;
				CLANG_ENABLE_OBJC_WEAK = YES;
				CLANG_WARN_BLOCK_CAPTURE_AUTORELEASING = YES;
				CLANG_WARN_BOOL_CONVERSION = YES;
				CLANG_WARN_COMMA = YES;
				CLANG_WARN_CONSTANT_CONVERSION = YES;
				CLANG_WARN_DEPRECATED_OBJC_IMPLEMENTATIONS = YES;
				CLANG_WARN_DIRECT_OBJC_ISA_USAGE = YES_ERROR;
				CLANG_WARN_DOCUMENTATION_COMMENTS = YES;
				CLANG_WARN_EMPTY_BODY = YES;
				CLANG_WARN_ENUM_CONVERSION = YES;
				CLANG_WARN_INFINITE_RECURSION = YES;
				CLANG_WARN_INT_CONVERSION = YES;
				CLANG_WARN_NON_LITERAL_NULL_CONVERSION = YES;
				CLANG_WARN_OBJC_IMPLICIT_RETAIN_SELF = YES;
				CLANG_WARN_OBJC_LITERAL_CONVERSION = YES;
				CLANG_WARN_OBJC_ROOT_CLASS = YES_ERROR;
				CLANG_WARN_QUOTED_INCLUDE_IN_FRAMEWORK_HEADER = YES;
				CLANG_WARN_RANGE_LOOP_ANALYSIS = YES;
				CLANG_WARN_STRICT_PROTOTYPES = YES;
				CLANG_WARN_SUSPICIOUS_MOVE = YES;
				CLANG_WARN_UNGUARDED_AVAILABILITY = YES_AGGRESSIVE;
				CLANG_WARN_UNREACHABLE_CODE = YES;
				CLANG_WARN__DUPLICATE_METHOD_MATCH = YES;
				COPY_PHASE_STRIP = NO;
				DEBUG_INFORMATION_FORMAT = dwarf;
				ENABLE_STRICT_OBJC_MSGSEND = YES;
				ENABLE_TESTABILITY = YES;
				GCC_C_LANGUAGE_STANDARD = gnu11;
				GCC_DYNAMIC_NO_PIC = NO;
				GCC_NO_COMMON_BLOCKS = YES;
				GCC_OPTIMIZATION_LEVEL = 0;
				GCC_PREPROCESSOR_DEFINITIONS = (
					"DEBUG=1",
					"$(inherited)",
				);
				GCC_WARN_64_TO_32_BIT_CONVERSION = YES;
				GCC_WARN_ABOUT_RETURN_TYPE = YES_ERROR;
				GCC_WARN_UNDECLARED_SELECTOR = YES;
				GCC_WARN_UNINITIALIZED_AUTOS = YES_AGGRESSIVE;
				GCC_WARN_UNUSED_FUNCTION = YES;
				GCC_WARN_UNUSED_VARIABLE = YES;
				IPHONEOS_DEPLOYMENT_TARGET = 15.5;
				MTL_ENABLE_DEBUG_INFO = INCLUDE_SOURCE;
				MTL_FAST_MATH = YES;
				ONLY_ACTIVE_ARCH = YES;
				SDKROOT = iphoneos;
				SWIFT_ACTIVE_COMPILATION_CONDITIONS = DEBUG;
				SWIFT_OPTIMIZATION_LEVEL = "-Onone";
			};
			name = Debug;
		};
		B0A513ED283635C900A05BB7 /* Release */ = {
			isa = XCBuildConfiguration;
			buildSettings = {
				ALWAYS_SEARCH_USER_PATHS = NO;
				CLANG_ANALYZER_NONNULL = YES;
				CLANG_ANALYZER_NUMBER_OBJECT_CONVERSION = YES_AGGRESSIVE;
				CLANG_CXX_LANGUAGE_STANDARD = "gnu++17";
				CLANG_ENABLE_MODULES = YES;
				CLANG_ENABLE_OBJC_ARC = YES;
				CLANG_ENABLE_OBJC_WEAK = YES;
				CLANG_WARN_BLOCK_CAPTURE_AUTORELEASING = YES;
				CLANG_WARN_BOOL_CONVERSION = YES;
				CLANG_WARN_COMMA = YES;
				CLANG_WARN_CONSTANT_CONVERSION = YES;
				CLANG_WARN_DEPRECATED_OBJC_IMPLEMENTATIONS = YES;
				CLANG_WARN_DIRECT_OBJC_ISA_USAGE = YES_ERROR;
				CLANG_WARN_DOCUMENTATION_COMMENTS = YES;
				CLANG_WARN_EMPTY_BODY = YES;
				CLANG_WARN_ENUM_CONVERSION = YES;
				CLANG_WARN_INFINITE_RECURSION = YES;
				CLANG_WARN_INT_CONVERSION = YES;
				CLANG_WARN_NON_LITERAL_NULL_CONVERSION = YES;
				CLANG_WARN_OBJC_IMPLICIT_RETAIN_SELF = YES;
				CLANG_WARN_OBJC_LITERAL_CONVERSION = YES;
				CLANG_WARN_OBJC_ROOT_CLASS = YES_ERROR;
				CLANG_WARN_QUOTED_INCLUDE_IN_FRAMEWORK_HEADER = YES;
				CLANG_WARN_RANGE_LOOP_ANALYSIS = YES;
				CLANG_WARN_STRICT_PROTOTYPES = YES;
				CLANG_WARN_SUSPICIOUS_MOVE = YES;
				CLANG_WARN_UNGUARDED_AVAILABILITY = YES_AGGRESSIVE;
				CLANG_WARN_UNREACHABLE_CODE = YES;
				CLANG_WARN__DUPLICATE_METHOD_MATCH = YES;
				COPY_PHASE_STRIP = NO;
				DEBUG_INFORMATION_FORMAT = "dwarf-with-dsym";
				ENABLE_NS_ASSERTIONS = NO;
				ENABLE_STRICT_OBJC_MSGSEND = YES;
				GCC_C_LANGUAGE_STANDARD = gnu11;
				GCC_NO_COMMON_BLOCKS = YES;
				GCC_WARN_64_TO_32_BIT_CONVERSION = YES;
				GCC_WARN_ABOUT_RETURN_TYPE = YES_ERROR;
				GCC_WARN_UNDECLARED_SELECTOR = YES;
				GCC_WARN_UNINITIALIZED_AUTOS = YES_AGGRESSIVE;
				GCC_WARN_UNUSED_FUNCTION = YES;
				GCC_WARN_UNUSED_VARIABLE = YES;
				IPHONEOS_DEPLOYMENT_TARGET = 15.5;
				MTL_ENABLE_DEBUG_INFO = NO;
				MTL_FAST_MATH = YES;
				SDKROOT = iphoneos;
				SWIFT_COMPILATION_MODE = wholemodule;
				SWIFT_OPTIMIZATION_LEVEL = "-O";
				VALIDATE_PRODUCT = YES;
			};
			name = Release;
		};
		B0A513EF283635C900A05BB7 /* Debug */ = {
			isa = XCBuildConfiguration;
			baseConfigurationReference = 3D03836B94CB4668E5F1EAF4 /* Pods-OnlineBanChan.debug.xcconfig */;
			buildSettings = {
				ASSETCATALOG_COMPILER_APPICON_NAME = AppIcon;
				ASSETCATALOG_COMPILER_GLOBAL_ACCENT_COLOR_NAME = AccentColor;
				CODE_SIGN_STYLE = Automatic;
				CURRENT_PROJECT_VERSION = 1;
				DEVELOPMENT_TEAM = PSH4C5839A;
				GENERATE_INFOPLIST_FILE = YES;
				INFOPLIST_FILE = OnlineBanChan/Resources/Info.plist;
				INFOPLIST_KEY_UIApplicationSupportsIndirectInputEvents = YES;
				INFOPLIST_KEY_UILaunchStoryboardName = LaunchScreen;
				INFOPLIST_KEY_UIMainStoryboardFile = MainFoodViewController;
				INFOPLIST_KEY_UISupportedInterfaceOrientations_iPad = "UIInterfaceOrientationPortrait UIInterfaceOrientationPortraitUpsideDown UIInterfaceOrientationLandscapeLeft UIInterfaceOrientationLandscapeRight";
				INFOPLIST_KEY_UISupportedInterfaceOrientations_iPhone = "UIInterfaceOrientationPortrait UIInterfaceOrientationLandscapeLeft UIInterfaceOrientationLandscapeRight";
				LD_RUNPATH_SEARCH_PATHS = (
					"$(inherited)",
					"@executable_path/Frameworks",
				);
				MARKETING_VERSION = 1.0;
				PRODUCT_BUNDLE_IDENTIFIER = "com.Dahun-Lee.OnlineBanChan";
				PRODUCT_NAME = "$(TARGET_NAME)";
				SWIFT_EMIT_LOC_STRINGS = YES;
				SWIFT_VERSION = 5.0;
				TARGETED_DEVICE_FAMILY = "1,2";
			};
			name = Debug;
		};
		B0A513F0283635C900A05BB7 /* Release */ = {
			isa = XCBuildConfiguration;
			baseConfigurationReference = 3776518205C22A94AABA66D4 /* Pods-OnlineBanChan.release.xcconfig */;
			buildSettings = {
				ASSETCATALOG_COMPILER_APPICON_NAME = AppIcon;
				ASSETCATALOG_COMPILER_GLOBAL_ACCENT_COLOR_NAME = AccentColor;
				CODE_SIGN_STYLE = Automatic;
				CURRENT_PROJECT_VERSION = 1;
				DEVELOPMENT_TEAM = PSH4C5839A;
				GENERATE_INFOPLIST_FILE = YES;
				INFOPLIST_FILE = OnlineBanChan/Resources/Info.plist;
				INFOPLIST_KEY_UIApplicationSupportsIndirectInputEvents = YES;
				INFOPLIST_KEY_UILaunchStoryboardName = LaunchScreen;
				INFOPLIST_KEY_UIMainStoryboardFile = MainFoodViewController;
				INFOPLIST_KEY_UISupportedInterfaceOrientations_iPad = "UIInterfaceOrientationPortrait UIInterfaceOrientationPortraitUpsideDown UIInterfaceOrientationLandscapeLeft UIInterfaceOrientationLandscapeRight";
				INFOPLIST_KEY_UISupportedInterfaceOrientations_iPhone = "UIInterfaceOrientationPortrait UIInterfaceOrientationLandscapeLeft UIInterfaceOrientationLandscapeRight";
				LD_RUNPATH_SEARCH_PATHS = (
					"$(inherited)",
					"@executable_path/Frameworks",
				);
				MARKETING_VERSION = 1.0;
				PRODUCT_BUNDLE_IDENTIFIER = "com.Dahun-Lee.OnlineBanChan";
				PRODUCT_NAME = "$(TARGET_NAME)";
				SWIFT_EMIT_LOC_STRINGS = YES;
				SWIFT_VERSION = 5.0;
				TARGETED_DEVICE_FAMILY = "1,2";
			};
			name = Release;
		};
		B0A513F2283635C900A05BB7 /* Debug */ = {
			isa = XCBuildConfiguration;
			baseConfigurationReference = 6E784938607981777040F64B /* Pods-OnlineBanChanTests.debug.xcconfig */;
			buildSettings = {
				ALWAYS_EMBED_SWIFT_STANDARD_LIBRARIES = YES;
				BUNDLE_LOADER = "$(TEST_HOST)";
				CODE_SIGN_STYLE = Automatic;
				CURRENT_PROJECT_VERSION = 1;
				DEVELOPMENT_TEAM = PSH4C5839A;
				GENERATE_INFOPLIST_FILE = YES;
				IPHONEOS_DEPLOYMENT_TARGET = 15.5;
				MARKETING_VERSION = 1.0;
				PRODUCT_BUNDLE_IDENTIFIER = "com.Dahun-Lee.OnlineBanChanTests";
				PRODUCT_NAME = "$(TARGET_NAME)";
				SWIFT_EMIT_LOC_STRINGS = NO;
				SWIFT_VERSION = 5.0;
				TARGETED_DEVICE_FAMILY = "1,2";
				TEST_HOST = "$(BUILT_PRODUCTS_DIR)/OnlineBanChan.app/OnlineBanChan";
			};
			name = Debug;
		};
		B0A513F3283635C900A05BB7 /* Release */ = {
			isa = XCBuildConfiguration;
			baseConfigurationReference = F77B606348F9375530563440 /* Pods-OnlineBanChanTests.release.xcconfig */;
			buildSettings = {
				ALWAYS_EMBED_SWIFT_STANDARD_LIBRARIES = YES;
				BUNDLE_LOADER = "$(TEST_HOST)";
				CODE_SIGN_STYLE = Automatic;
				CURRENT_PROJECT_VERSION = 1;
				DEVELOPMENT_TEAM = PSH4C5839A;
				GENERATE_INFOPLIST_FILE = YES;
				IPHONEOS_DEPLOYMENT_TARGET = 15.5;
				MARKETING_VERSION = 1.0;
				PRODUCT_BUNDLE_IDENTIFIER = "com.Dahun-Lee.OnlineBanChanTests";
				PRODUCT_NAME = "$(TARGET_NAME)";
				SWIFT_EMIT_LOC_STRINGS = NO;
				SWIFT_VERSION = 5.0;
				TARGETED_DEVICE_FAMILY = "1,2";
				TEST_HOST = "$(BUILT_PRODUCTS_DIR)/OnlineBanChan.app/OnlineBanChan";
			};
			name = Release;
		};
/* End XCBuildConfiguration section */

/* Begin XCConfigurationList section */
		B0A513BF283635C500A05BB7 /* Build configuration list for PBXProject "OnlineBanChan" */ = {
			isa = XCConfigurationList;
			buildConfigurations = (
				B0A513EC283635C900A05BB7 /* Debug */,
				B0A513ED283635C900A05BB7 /* Release */,
			);
			defaultConfigurationIsVisible = 0;
			defaultConfigurationName = Release;
		};
		B0A513EE283635C900A05BB7 /* Build configuration list for PBXNativeTarget "OnlineBanChan" */ = {
			isa = XCConfigurationList;
			buildConfigurations = (
				B0A513EF283635C900A05BB7 /* Debug */,
				B0A513F0283635C900A05BB7 /* Release */,
			);
			defaultConfigurationIsVisible = 0;
			defaultConfigurationName = Release;
		};
		B0A513F1283635C900A05BB7 /* Build configuration list for PBXNativeTarget "OnlineBanChanTests" */ = {
			isa = XCConfigurationList;
			buildConfigurations = (
				B0A513F2283635C900A05BB7 /* Debug */,
				B0A513F3283635C900A05BB7 /* Release */,
			);
			defaultConfigurationIsVisible = 0;
			defaultConfigurationName = Release;
		};
/* End XCConfigurationList section */
	};
	rootObject = B0A513BC283635C500A05BB7 /* Project object */;
}
